schema: '2.0'
stages:
  data_ingestion:
    cmd: python src/data_ingestion.py
    deps:
    - path: src/data_ingestion.py
      hash: md5
      md5: 4e517781109afb5890f11be1d3d295f6
      size: 3539
    params:
      params.yaml:
        data_ingestion.test_size: 0.15
    outs:
    - path: data/raw
      hash: md5
      md5: a15ba66afdf82f8659b031b175286ed3.dir
      size: 484846
      nfiles: 2
  data_preprocessing:
    cmd: python src/data_preprocessing.py
    deps:
    - path: data/raw
      hash: md5
      md5: a15ba66afdf82f8659b031b175286ed3.dir
      size: 484846
      nfiles: 2
    - path: src/data_preprocessing.py
      hash: md5
      md5: 7f442324a5df3699115eacbedadb6981
      size: 4784
    outs:
    - path: data/interim
      hash: md5
      md5: dd7f6caf0f6a98cffdb504c1665ba9cb.dir
      size: 206489
      nfiles: 2
  feature_engineering:
    cmd: python src/feature_engineering.py
    deps:
    - path: data/interim
      hash: md5
      md5: dd7f6caf0f6a98cffdb504c1665ba9cb.dir
      size: 206489
      nfiles: 2
    - path: src/feature_engineering.py
      hash: md5
      md5: ce1889389f165bfd8d9f815336443d80
      size: 3799
    params:
      params.yaml:
        feature_engineering.max_features: 45
    outs:
    - path: data/processed
      hash: md5
      md5: 0f87ef2d18a1dc6256ee963a56240baa.dir
      size: 1043644
      nfiles: 2
  model_building:
    cmd: python src/model_building.py
    deps:
    - path: data/processed
      hash: md5
      md5: 0f87ef2d18a1dc6256ee963a56240baa.dir
      size: 1043644
      nfiles: 2
    - path: src/model_building.py
      hash: md5
      md5: a415c81a95e4448429dc368852d6a823
      size: 4288
    params:
      params.yaml:
        model_building.n_estimators: 20
        model_building.random_state: 2
    outs:
    - path: models/model.pkl
      hash: md5
      md5: f8edbfaf7c9ddcb5293de210ab765ec5
      size: 820342
  model_evaluation:
    cmd: python src/model_evaluation.py
    deps:
    - path: models/model.pkl
      hash: md5
      md5: f8edbfaf7c9ddcb5293de210ab765ec5
      size: 820342
    - path: src/model_evaluation.py
      hash: md5
      md5: efb1de9838f57b0e50862992a47805df
      size: 4502
    outs:
    - path: reports/metrics.json
      hash: md5
      md5: 20408826cc4d2a9a6b34c17fb69a7a00
      size: 145
